
Microsoft Visual Studio Solution File, Format Version 12.00
# Visual Studio Version 16
VisualStudioVersion = 16.0.33214.272
MinimumVisualStudioVersion = 10.0.40219.1
Project("{FAE04EC0-301F-11D3-BF4B-00C04F79EFBC}") = "exerciciocrecer", "exerciciocrecer\exerciciocrecer.csproj", "{19A799F2-2B01-4677-B365-E5D5DA2BB43B}"
EndProject
Global
	GlobalSection(SolutionConfigurationPlatforms) = preSolution
		Debug|Any CPU = Debug|Any CPU
		Release|Any CPU = Release|Any CPU
	EndGlobalSection
	GlobalSection(ProjectConfigurationPlatforms) = postSolution
		{19A799F2-2B01-4677-B365-E5D5DA2BB43B}.Debug|Any CPU.ActiveCfg = Debug|Any CPU
		{19A799F2-2B01-4677-B365-E5D5DA2BB43B}.Debug|Any CPU.Build.0 = Debug|Any CPU
		{19A799F2-2B01-4677-B365-E5D5DA2BB43B}.Release|Any CPU.ActiveCfg = Release|Any CPU
		{19A799F2-2B01-4677-B365-E5D5DA2BB43B}.Release|Any CPU.Build.0 = Release|Any CPU
	EndGlobalSection
	GlobalSection(SolutionProperties) = preSolution
		HideSolutionNode = FALSE
	EndGlobalSection
	GlobalSection(ExtensibilityGlobals) = postSolution
		SolutionGuid = {86B19B1D-99ED-42F5-A43E-9EF40C626E6D}
	EndGlobalSection
EndGlobal
