
Microsoft Visual Studio Solution File, Format Version 12.00
# Visual Studio Version 16
VisualStudioVersion = 16.0.33214.272
MinimumVisualStudioVersion = 10.0.40219.1
Project("{FAE04EC0-301F-11D3-BF4B-00C04F79EFBC}") = "CalculoGiGi", "CalculoGiGi\CalculoGiGi.csproj", "{0D143F57-C583-4914-BA34-BB6593FE2065}"
EndProject
Global
	GlobalSection(SolutionConfigurationPlatforms) = preSolution
		Debug|Any CPU = Debug|Any CPU
		Release|Any CPU = Release|Any CPU
	EndGlobalSection
	GlobalSection(ProjectConfigurationPlatforms) = postSolution
		{0D143F57-C583-4914-BA34-BB6593FE2065}.Debug|Any CPU.ActiveCfg = Debug|Any CPU
		{0D143F57-C583-4914-BA34-BB6593FE2065}.Debug|Any CPU.Build.0 = Debug|Any CPU
		{0D143F57-C583-4914-BA34-BB6593FE2065}.Release|Any CPU.ActiveCfg = Release|Any CPU
		{0D143F57-C583-4914-BA34-BB6593FE2065}.Release|Any CPU.Build.0 = Release|Any CPU
	EndGlobalSection
	GlobalSection(SolutionProperties) = preSolution
		HideSolutionNode = FALSE
	EndGlobalSection
	GlobalSection(ExtensibilityGlobals) = postSolution
		SolutionGuid = {EAF03AFA-D810-4055-92BA-98E90F2FFFD7}
	EndGlobalSection
EndGlobal
